<?xml version="1.0" encoding="UTF-8" standalone="yes" ?>
<CodeBlocks_project_file>
	<FileVersion major="1" minor="6" />
	<Project>
		<Option title="ha_utils" />
		<Option pch_mode="2" />
		<Option compiler="gcc" />
		<Build>
			<Target title="debug_lin">
				<Option output="../exe/debug/libha_utils" prefix_auto="1" extension_auto="1" />
				<Option object_output="build/Debug/" />
				<Option type="3" />
				<Option compiler="gcc" />
				<Option createDefFile="1" />
				<Option createStaticLib="1" />
				<Compiler>
					<Add option="-ggdb" />
				</Compiler>
			</Target>
			<Target title="release_lin">
				<Option output="../exe/release/libha_utils" prefix_auto="1" extension_auto="1" />
				<Option object_output="build/Release/" />
				<Option type="3" />
				<Option compiler="gcc" />
				<Option createDefFile="1" />
				<Option createStaticLib="1" />
				<Compiler>
					<Add option="-O2" />
				</Compiler>
			</Target>
		</Build>
		<Compiler>
			<Add option="-Wall" />
		</Compiler>
		<Unit filename="src/alg_except.cpp" />
		<Unit filename="src/alg_except.h" />
		<Unit filename="src/alg_opt.cpp" />
		<Unit filename="src/alg_opt.h" />
		<Unit filename="src/common.cpp" />
		<Unit filename="src/common.h" />
		<Unit filename="src/jama/jama_cholesky.h" />
		<Unit filename="src/jama/jama_eig.h" />
		<Unit filename="src/jama/jama_lu.h" />
		<Unit filename="src/jama/jama_qr.h" />
		<Unit filename="src/jama/jama_svd.h" />
		<Unit filename="src/jama/tnt.h" />
		<Unit filename="src/jama/tnt_array1d.h" />
		<Unit filename="src/jama/tnt_array1d_utils.h" />
		<Unit filename="src/jama/tnt_array2d.h" />
		<Unit filename="src/jama/tnt_array2d_utils.h" />
		<Unit filename="src/jama/tnt_array3d.h" />
		<Unit filename="src/jama/tnt_array3d_utils.h" />
		<Unit filename="src/jama/tnt_cmat.h" />
		<Unit filename="src/jama/tnt_fortran_array1d.h" />
		<Unit filename="src/jama/tnt_fortran_array1d_utils.h" />
		<Unit filename="src/jama/tnt_fortran_array2d.h" />
		<Unit filename="src/jama/tnt_fortran_array2d_utils.h" />
		<Unit filename="src/jama/tnt_fortran_array3d.h" />
		<Unit filename="src/jama/tnt_fortran_array3d_utils.h" />
		<Unit filename="src/jama/tnt_i_refvec.h" />
		<Unit filename="src/jama/tnt_math_utils.h" />
		<Unit filename="src/jama/tnt_sparse_matrix_csr.h" />
		<Unit filename="src/jama/tnt_stopwatch.h" />
		<Unit filename="src/jama/tnt_subscript.h" />
		<Unit filename="src/jama/tnt_vec.h" />
		<Unit filename="src/jama/tnt_version.h" />
		<Unit filename="src/m_algorithm.cpp" />
		<Unit filename="src/m_algorithm.h" />
		<Unit filename="src/matrix.h" />
		<Unit filename="src/mbuf_traits.h" />
		<Unit filename="src/prg.cpp" />
		<Unit filename="src/prg.h" />
		<Unit filename="src/utils.cpp" />
		<Extensions>
			<code_completion />
			<envvars />
			<debugger />
			<lib_finder disable_auto="1" />
		</Extensions>
	</Project>
</CodeBlocks_project_file>
